
Microsoft Visual Studio Solution File, Format Version 12.00
# Visual Studio Version 17
VisualStudioVersion = 17.0.31903.59
MinimumVisualStudioVersion = 10.0.40219.1
Project("{2150E333-8FDC-42A3-9474-1A3956D46DE8}") = "API", "API", "{D82C56D6-B2CD-F611-9E31-04638F7EC30E}"
EndProject
Project("{FAE04EC0-301F-11D3-BF4B-00C04F79EFBC}") = "minimal-api", "API\minimal-api.csproj", "{A57A7020-E9EE-4842-8AD0-D5F98C622BBD}"
EndProject
Project("{FAE04EC0-301F-11D3-BF4B-00C04F79EFBC}") = "Test", "Test\Test.csproj", "{A7939389-905E-4FD6-96E0-533F5421F9B1}"
EndProject
Global
	GlobalSection(SolutionConfigurationPlatforms) = preSolution
		Debug|Any CPU = Debug|Any CPU
		Debug|x64 = Debug|x64
		Debug|x86 = Debug|x86
		Release|Any CPU = Release|Any CPU
		Release|x64 = Release|x64
		Release|x86 = Release|x86
	EndGlobalSection
	GlobalSection(ProjectConfigurationPlatforms) = postSolution
		{A57A7020-E9EE-4842-8AD0-D5F98C622BBD}.Debug|Any CPU.ActiveCfg = Debug|Any CPU
		{A57A7020-E9EE-4842-8AD0-D5F98C622BBD}.Debug|Any CPU.Build.0 = Debug|Any CPU
		{A57A7020-E9EE-4842-8AD0-D5F98C622BBD}.Debug|x64.ActiveCfg = Debug|Any CPU
		{A57A7020-E9EE-4842-8AD0-D5F98C622BBD}.Debug|x64.Build.0 = Debug|Any CPU
		{A57A7020-E9EE-4842-8AD0-D5F98C622BBD}.Debug|x86.ActiveCfg = Debug|Any CPU
		{A57A7020-E9EE-4842-8AD0-D5F98C622BBD}.Debug|x86.Build.0 = Debug|Any CPU
		{A57A7020-E9EE-4842-8AD0-D5F98C622BBD}.Release|Any CPU.ActiveCfg = Release|Any CPU
		{A57A7020-E9EE-4842-8AD0-D5F98C622BBD}.Release|Any CPU.Build.0 = Release|Any CPU
		{A57A7020-E9EE-4842-8AD0-D5F98C622BBD}.Release|x64.ActiveCfg = Release|Any CPU
		{A57A7020-E9EE-4842-8AD0-D5F98C622BBD}.Release|x64.Build.0 = Release|Any CPU
		{A57A7020-E9EE-4842-8AD0-D5F98C622BBD}.Release|x86.ActiveCfg = Release|Any CPU
		{A57A7020-E9EE-4842-8AD0-D5F98C622BBD}.Release|x86.Build.0 = Release|Any CPU
		{A7939389-905E-4FD6-96E0-533F5421F9B1}.Debug|Any CPU.ActiveCfg = Debug|Any CPU
		{A7939389-905E-4FD6-96E0-533F5421F9B1}.Debug|Any CPU.Build.0 = Debug|Any CPU
		{A7939389-905E-4FD6-96E0-533F5421F9B1}.Debug|x64.ActiveCfg = Debug|Any CPU
		{A7939389-905E-4FD6-96E0-533F5421F9B1}.Debug|x64.Build.0 = Debug|Any CPU
		{A7939389-905E-4FD6-96E0-533F5421F9B1}.Debug|x86.ActiveCfg = Debug|Any CPU
		{A7939389-905E-4FD6-96E0-533F5421F9B1}.Debug|x86.Build.0 = Debug|Any CPU
		{A7939389-905E-4FD6-96E0-533F5421F9B1}.Release|Any CPU.ActiveCfg = Release|Any CPU
		{A7939389-905E-4FD6-96E0-533F5421F9B1}.Release|Any CPU.Build.0 = Release|Any CPU
		{A7939389-905E-4FD6-96E0-533F5421F9B1}.Release|x64.ActiveCfg = Release|Any CPU
		{A7939389-905E-4FD6-96E0-533F5421F9B1}.Release|x64.Build.0 = Release|Any CPU
		{A7939389-905E-4FD6-96E0-533F5421F9B1}.Release|x86.ActiveCfg = Release|Any CPU
		{A7939389-905E-4FD6-96E0-533F5421F9B1}.Release|x86.Build.0 = Release|Any CPU
	EndGlobalSection
	GlobalSection(SolutionProperties) = preSolution
		HideSolutionNode = FALSE
	EndGlobalSection
	GlobalSection(NestedProjects) = preSolution
		{A57A7020-E9EE-4842-8AD0-D5F98C622BBD} = {D82C56D6-B2CD-F611-9E31-04638F7EC30E}
	EndGlobalSection
EndGlobal
